<?xml version="1.0" encoding="utf-8"?>
<Project ToolsVersion="4.0" xmlns="http://schemas.microsoft.com/developer/msbuild/2003">
  <ItemGroup>
    <Filter Include="Source Files">
      <UniqueIdentifier>{4FC737F1-C7A5-4376-A066-2A32D752A2FF}</UniqueIdentifier>
      <Extensions>cpp;c;cc;cxx;c++;cppm;ixx;def;odl;idl;hpj;bat;asm;asmx</Extensions>
    </Filter>
    <Filter Include="Header Files">
      <UniqueIdentifier>{93995380-89BD-4b04-88EB-625FBE52EBFB}</UniqueIdentifier>
      <Extensions>h;hh;hpp;hxx;h++;hm;inl;inc;ipp;xsd</Extensions>
    </Filter>
    <Filter Include="Resource Files">
      <UniqueIdentifier>{67DA6AB6-F800-4c08-8B7A-83BB121AAD01}</UniqueIdentifier>
      <Extensions>rc;ico;cur;bmp;dlg;rc2;rct;bin;rgs;gif;jpg;jpeg;jpe;resx;tiff;tif;png;wav;mfcribbon-ms</Extensions>
    </Filter>
    <Filter Include="include">
      <UniqueIdentifier>{48dc571c-57be-4bd8-ae69-92e00f7fe59f}</UniqueIdentifier>
    </Filter>
    <Filter Include="lib">
      <UniqueIdentifier>{94889b7f-a031-4931-92a6-336f8f2f7aac}</UniqueIdentifier>
    </Filter>
    <Filter Include="dep">
      <UniqueIdentifier>{5bb1c32f-9729-4dc8-9a0b-6d35de9fc103}</UniqueIdentifier>
    </Filter>
    <Filter Include="dep\glad">
      <UniqueIdentifier>{db4505a7-766b-4635-9473-58c2038e392a}</UniqueIdentifier>
    </Filter>
    <Filter Include="Source Files\Game">
      <UniqueIdentifier>{8546beb1-119c-4d0c-af36-20afa10daaa2}</UniqueIdentifier>
    </Filter>
    <Filter Include="Source Files\Game\Engine">
      <UniqueIdentifier>{c8b05db5-7dd2-46b5-b07d-ea14256098a3}</UniqueIdentifier>
    </Filter>
    <Filter Include="Source Files\Game\GameLogic">
      <UniqueIdentifier>{796bfb69-6462-4b0f-9aa5-6e7a7cf04ceb}</UniqueIdentifier>
    </Filter>
    <Filter Include="Source Files\Game\Engine\Rendering">
      <UniqueIdentifier>{95b7ca6d-4a07-4d07-8788-ac1396fa9006}</UniqueIdentifier>
    </Filter>
    <Filter Include="Source Files\Game\Engine\Rendering\Shaders">
      <UniqueIdentifier>{f3bc5428-f9cd-45e9-a705-34c1e829eeb8}</UniqueIdentifier>
    </Filter>
    <Filter Include="dep\stb_image">
      <UniqueIdentifier>{c49f8a19-e7c2-4eff-8954-693c2002b40f}</UniqueIdentifier>
    </Filter>
  </ItemGroup>
  <ItemGroup>
    <ClCompile Include="main.cpp">
      <Filter>Source Files</Filter>
    </ClCompile>
    <ClCompile Include="dep\glad\glad.c">
      <Filter>dep\glad</Filter>
    </ClCompile>
    <ClCompile Include="Game\game.cpp">
      <Filter>Source Files\Game</Filter>
    </ClCompile>
    <ClCompile Include="Game\Engine\engine.cpp">
      <Filter>Source Files\Game\Engine</Filter>
    </ClCompile>
    <ClCompile Include="Game\GameLogic\gameLogic.cpp">
      <Filter>Source Files\Game\GameLogic</Filter>
    </ClCompile>
    <ClCompile Include="Game\Engine\Rendering\shader.cpp">
      <Filter>Source Files\Game\Engine\Rendering</Filter>
    </ClCompile>
    <ClCompile Include="Game\Engine\Rendering\mesh.cpp">
      <Filter>Source Files\Game\Engine\Rendering</Filter>
    </ClCompile>
    <ClCompile Include="Game\Engine\Rendering\texture.cpp">
      <Filter>Source Files\Game\Engine\Rendering</Filter>
    </ClCompile>
    <ClCompile Include="dep\stb_image\stb_image.cpp">
      <Filter>dep\stb_image</Filter>
    </ClCompile>
  </ItemGroup>
  <ItemGroup>
    <ClInclude Include="Game\game.h">
      <Filter>Source Files\Game</Filter>
    </ClInclude>
    <ClInclude Include="Game\Engine\engine.h">
      <Filter>Source Files\Game\Engine</Filter>
    </ClInclude>
    <ClInclude Include="Game\GameLogic\gameLogic.h">
      <Filter>Source Files\Game\GameLogic</Filter>
    </ClInclude>
    <ClInclude Include="Game\Engine\Rendering\shader.h">
      <Filter>Source Files\Game\Engine\Rendering</Filter>
    </ClInclude>
    <ClInclude Include="Game\Engine\Rendering\mesh.h">
      <Filter>Source Files\Game\Engine\Rendering</Filter>
    </ClInclude>
    <ClInclude Include="Game\Engine\Rendering\texture.h">
      <Filter>Source Files\Game\Engine\Rendering</Filter>
    </ClInclude>
    <ClInclude Include="dep\stb_image\stb_image.h">
      <Filter>dep\stb_image</Filter>
    </ClInclude>
  </ItemGroup>
  <ItemGroup>
    <None Include="Game\Engine\Rendering\Shaders\fragmentShader.glsl">
      <Filter>Source Files\Game\Engine\Rendering\Shaders</Filter>
    </None>
    <None Include="Game\Engine\Rendering\Shaders\vertexShader.glsl">
      <Filter>Source Files\Game\Engine\Rendering\Shaders</Filter>
    </None>
  </ItemGroup>
</Project>